
Microsoft Visual Studio Solution File, Format Version 12.00
# Visual Studio Version 16
VisualStudioVersion = 16.0.31702.278
MinimumVisualStudioVersion = 10.0.40219.1
Project("{FAE04EC0-301F-11D3-BF4B-00C04F79EFBC}") = "EjemploSQL", "EjemploSQL\EjemploSQL.csproj", "{509D8933-B72B-43B9-B1DC-C51A2C77A025}"
EndProject
Global
	GlobalSection(SolutionConfigurationPlatforms) = preSolution
		Debug|Any CPU = Debug|Any CPU
		Release|Any CPU = Release|Any CPU
	EndGlobalSection
	GlobalSection(ProjectConfigurationPlatforms) = postSolution
		{509D8933-B72B-43B9-B1DC-C51A2C77A025}.Debug|Any CPU.ActiveCfg = Debug|Any CPU
		{509D8933-B72B-43B9-B1DC-C51A2C77A025}.Debug|Any CPU.Build.0 = Debug|Any CPU
		{509D8933-B72B-43B9-B1DC-C51A2C77A025}.Release|Any CPU.ActiveCfg = Release|Any CPU
		{509D8933-B72B-43B9-B1DC-C51A2C77A025}.Release|Any CPU.Build.0 = Release|Any CPU
	EndGlobalSection
	GlobalSection(SolutionProperties) = preSolution
		HideSolutionNode = FALSE
	EndGlobalSection
	GlobalSection(ExtensibilityGlobals) = postSolution
		SolutionGuid = {4971E844-4763-4CEE-8B62-1CD51D03C091}
	EndGlobalSection
EndGlobal
